Microsoft Visual Studio Solution File, Format Version 12.00
# Visual Studio Version 17
VisualStudioVersion = 17.5.2.0
MinimumVisualStudioVersion = 10.0.40219.1
Project("{FAE04EC0-301F-11D3-BF4B-00C04F79EFBC}") = "WorkoutService", "WorkoutService.csproj", "{5E37A4F6-11AD-E825-D6D0-047DA80FAC6B}"
EndProject
Global
	GlobalSection(SolutionConfigurationPlatforms) = preSolution
		Debug|Any CPU = Debug|Any CPU
		Release|Any CPU = Release|Any CPU
	EndGlobalSection
	GlobalSection(ProjectConfigurationPlatforms) = postSolution
		{5E37A4F6-11AD-E825-D6D0-047DA80FAC6B}.Debug|Any CPU.ActiveCfg = Debug|Any CPU
		{5E37A4F6-11AD-E825-D6D0-047DA80FAC6B}.Debug|Any CPU.Build.0 = Debug|Any CPU
		{5E37A4F6-11AD-E825-D6D0-047DA80FAC6B}.Release|Any CPU.ActiveCfg = Release|Any CPU
		{5E37A4F6-11AD-E825-D6D0-047DA80FAC6B}.Release|Any CPU.Build.0 = Release|Any CPU
	EndGlobalSection
	GlobalSection(SolutionProperties) = preSolution
		HideSolutionNode = FALSE
	EndGlobalSection
	GlobalSection(ExtensibilityGlobals) = postSolution
		SolutionGuid = {112F9576-148B-4D1A-A148-78C449F2E857}
	EndGlobalSection
EndGlobal
