
Microsoft Visual Studio Solution File, Format Version 12.00
# Visual Studio Version 17
VisualStudioVersion = 17.11.35312.102
MinimumVisualStudioVersion = 10.0.40219.1
Project("{FAE04EC0-301F-11D3-BF4B-00C04F79EFBC}") = "WorkoutService", "WorkoutService\WorkoutService.csproj", "{2543B07D-4496-45DE-8B4A-5F6ACFFC2D8A}"
EndProject
Project("{FAE04EC0-301F-11D3-BF4B-00C04F79EFBC}") = "SummaryWorker", "SummaryWorker\SummaryWorker.csproj", "{6C373FE0-98CB-4141-BF5B-3A3263B3308B}"
EndProject
Global
	GlobalSection(SolutionConfigurationPlatforms) = preSolution
		Debug|Any CPU = Debug|Any CPU
		Release|Any CPU = Release|Any CPU
	EndGlobalSection
	GlobalSection(ProjectConfigurationPlatforms) = postSolution
		{2543B07D-4496-45DE-8B4A-5F6ACFFC2D8A}.Debug|Any CPU.ActiveCfg = Debug|Any CPU
		{2543B07D-4496-45DE-8B4A-5F6ACFFC2D8A}.Debug|Any CPU.Build.0 = Debug|Any CPU
		{2543B07D-4496-45DE-8B4A-5F6ACFFC2D8A}.Release|Any CPU.ActiveCfg = Release|Any CPU
		{2543B07D-4496-45DE-8B4A-5F6ACFFC2D8A}.Release|Any CPU.Build.0 = Release|Any CPU
		{6C373FE0-98CB-4141-BF5B-3A3263B3308B}.Debug|Any CPU.ActiveCfg = Debug|Any CPU
		{6C373FE0-98CB-4141-BF5B-3A3263B3308B}.Debug|Any CPU.Build.0 = Debug|Any CPU
		{6C373FE0-98CB-4141-BF5B-3A3263B3308B}.Release|Any CPU.ActiveCfg = Release|Any CPU
		{6C373FE0-98CB-4141-BF5B-3A3263B3308B}.Release|Any CPU.Build.0 = Release|Any CPU
	EndGlobalSection
	GlobalSection(SolutionProperties) = preSolution
		HideSolutionNode = FALSE
	EndGlobalSection
	GlobalSection(ExtensibilityGlobals) = postSolution
		SolutionGuid = {C82166DE-144E-4A35-A4AB-6FF8EE9B2B90}
	EndGlobalSection
EndGlobal
